// !$*UTF8*$!
{
	archiveVersion = 1;
	classes = {
	};
	objectVersion = 50;
	objects = {

/* Begin PBXBuildFile section */
		20EE280C26481E69001006C2 /* AppDelegate.swift in Sources */ = {isa = PBXBuildFile; fileRef = 20EE280B26481E69001006C2 /* AppDelegate.swift */; };
		20EE280E26481E69001006C2 /* SceneDelegate.swift in Sources */ = {isa = PBXBuildFile; fileRef = 20EE280D26481E69001006C2 /* SceneDelegate.swift */; };
		20EE281026481E69001006C2 /* ContentView.swift in Sources */ = {isa = PBXBuildFile; fileRef = 20EE280F26481E69001006C2 /* ContentView.swift */; };
		20EE281226481E69001006C2 /* Assets.xcassets in Resources */ = {isa = PBXBuildFile; fileRef = 20EE281126481E69001006C2 /* Assets.xcassets */; };
		20EE281526481E69001006C2 /* Preview Assets.xcassets in Resources */ = {isa = PBXBuildFile; fileRef = 20EE281426481E69001006C2 /* Preview Assets.xcassets */; };
		20EE281826481E69001006C2 /* LaunchScreen.storyboard in Resources */ = {isa = PBXBuildFile; fileRef = 20EE281626481E69001006C2 /* LaunchScreen.storyboard */; };
		20EE282226482079001006C2 /* Background.swift in Sources */ = {isa = PBXBuildFile; fileRef = 20EE282126482079001006C2 /* Background.swift */; };
		20EE28272648283B001006C2 /* aqiData.swift in Sources */ = {isa = PBXBuildFile; fileRef = 20EE28262648283B001006C2 /* aqiData.swift */; };
		20EE282B26482960001006C2 /* Header.swift in Sources */ = {isa = PBXBuildFile; fileRef = 20EE282A26482960001006C2 /* Header.swift */; };
		20EE283D264862C0001006C2 /* PredictAQI.swift in Sources */ = {isa = PBXBuildFile; fileRef = 20EE283C264862C0001006C2 /* PredictAQI.swift */; };
		20EE28412648639C001006C2 /* CurrentAQI.swift in Sources */ = {isa = PBXBuildFile; fileRef = 20EE28402648639C001006C2 /* CurrentAQI.swift */; };
		20EE2844264865DB001006C2 /* MyTabularRegressor.mlproj in Resources */ = {isa = PBXBuildFile; fileRef = 20EE2843264865DB001006C2 /* MyTabularRegressor.mlproj */; };
/* End PBXBuildFile section */

/* Begin PBXFileReference section */
		20EE280826481E69001006C2 /* AQI_Queryer_SwiftUI.app */ = {isa = PBXFileReference; explicitFileType = wrapper.application; includeInIndex = 0; path = AQI_Queryer_SwiftUI.app; sourceTree = BUILT_PRODUCTS_DIR; };
		20EE280B26481E69001006C2 /* AppDelegate.swift */ = {isa = PBXFileReference; lastKnownFileType = sourcecode.swift; path = AppDelegate.swift; sourceTree = "<group>"; };
		20EE280D26481E69001006C2 /* SceneDelegate.swift */ = {isa = PBXFileReference; lastKnownFileType = sourcecode.swift; path = SceneDelegate.swift; sourceTree = "<group>"; };
		20EE280F26481E69001006C2 /* ContentView.swift */ = {isa = PBXFileReference; lastKnownFileType = sourcecode.swift; path = ContentView.swift; sourceTree = "<group>"; };
		20EE281126481E69001006C2 /* Assets.xcassets */ = {isa = PBXFileReference; lastKnownFileType = folder.assetcatalog; path = Assets.xcassets; sourceTree = "<group>"; };
		20EE281426481E69001006C2 /* Preview Assets.xcassets */ = {isa = PBXFileReference; lastKnownFileType = folder.assetcatalog; path = "Preview Assets.xcassets"; sourceTree = "<group>"; };
		20EE281726481E69001006C2 /* Base */ = {isa = PBXFileReference; lastKnownFileType = file.storyboard; name = Base; path = Base.lproj/LaunchScreen.storyboard; sourceTree = "<group>"; };
		20EE281926481E69001006C2 /* Info.plist */ = {isa = PBXFileReference; lastKnownFileType = text.plist.xml; path = Info.plist; sourceTree = "<group>"; };
		20EE282126482079001006C2 /* Background.swift */ = {isa = PBXFileReference; lastKnownFileType = sourcecode.swift; path = Background.swift; sourceTree = "<group>"; };
		20EE28262648283B001006C2 /* aqiData.swift */ = {isa = PBXFileReference; lastKnownFileType = sourcecode.swift; path = aqiData.swift; sourceTree = "<group>"; };
		20EE282A26482960001006C2 /* Header.swift */ = {isa = PBXFileReference; lastKnownFileType = sourcecode.swift; path = Header.swift; sourceTree = "<group>"; };
		20EE283C264862C0001006C2 /* PredictAQI.swift */ = {isa = PBXFileReference; lastKnownFileType = sourcecode.swift; path = PredictAQI.swift; sourceTree = "<group>"; };
		20EE28402648639C001006C2 /* CurrentAQI.swift */ = {isa = PBXFileReference; lastKnownFileType = sourcecode.swift; path = CurrentAQI.swift; sourceTree = "<group>"; };
		20EE2843264865DB001006C2 /* MyTabularRegressor.mlproj */ = {isa = PBXFileReference; lastKnownFileType = wrapper; name = MyTabularRegressor.mlproj; path = ../MyTabularRegressor.mlproj; sourceTree = "<group>"; };
/* End PBXFileReference section */

/* Begin PBXFrameworksBuildPhase section */
		20EE280526481E69001006C2 /* Frameworks */ = {
			isa = PBXFrameworksBuildPhase;
			buildActionMask = 2147483647;
			files = (
			);
			runOnlyForDeploymentPostprocessing = 0;
		};
/* End PBXFrameworksBuildPhase section */

/* Begin PBXGroup section */
		20EE27FF26481E69001006C2 = {
			isa = PBXGroup;
			children = (
				20EE2843264865DB001006C2 /* MyTabularRegressor.mlproj */,
				20EE280A26481E69001006C2 /* AQI_Queryer_SwiftUI */,
				20EE280926481E69001006C2 /* Products */,
			);
			sourceTree = "<group>";
		};
		20EE280926481E69001006C2 /* Products */ = {
			isa = PBXGroup;
			children = (
				20EE280826481E69001006C2 /* AQI_Queryer_SwiftUI.app */,
			);
			name = Products;
			sourceTree = "<group>";
		};
		20EE280A26481E69001006C2 /* AQI_Queryer_SwiftUI */ = {
			isa = PBXGroup;
			children = (
				20EE28202648204C001006C2 /* View */,
				20EE280B26481E69001006C2 /* AppDelegate.swift */,
				20EE280D26481E69001006C2 /* SceneDelegate.swift */,
				20EE28262648283B001006C2 /* aqiData.swift */,
				20EE281126481E69001006C2 /* Assets.xcassets */,
				20EE281626481E69001006C2 /* LaunchScreen.storyboard */,
				20EE281926481E69001006C2 /* Info.plist */,
				20EE281326481E69001006C2 /* Preview Content */,
			);
			path = AQI_Queryer_SwiftUI;
			sourceTree = "<group>";
		};
		20EE281326481E69001006C2 /* Preview Content */ = {
			isa = PBXGroup;
			children = (
				20EE281426481E69001006C2 /* Preview Assets.xcassets */,
			);
			path = "Preview Content";
			sourceTree = "<group>";
		};
		20EE28202648204C001006C2 /* View */ = {
			isa = PBXGroup;
			children = (
				20EE282126482079001006C2 /* Background.swift */,
				20EE282A26482960001006C2 /* Header.swift */,
				20EE283C264862C0001006C2 /* PredictAQI.swift */,
				20EE280F26481E69001006C2 /* ContentView.swift */,
				20EE28402648639C001006C2 /* CurrentAQI.swift */,
			);
			path = View;
			sourceTree = "<group>";
		};
/* End PBXGroup section */

/* Begin PBXNativeTarget section */
		20EE280726481E69001006C2 /* AQI_Queryer_SwiftUI */ = {
			isa = PBXNativeTarget;
			buildConfigurationList = 20EE281C26481E69001006C2 /* Build configuration list for PBXNativeTarget "AQI_Queryer_SwiftUI" */;
			buildPhases = (
				20EE280426481E69001006C2 /* Sources */,
				20EE280526481E69001006C2 /* Frameworks */,
				20EE280626481E69001006C2 /* Resources */,
			);
			buildRules = (
			);
			dependencies = (
			);
			name = AQI_Queryer_SwiftUI;
			productName = AQI_Queryer_SwiftUI;
			productReference = 20EE280826481E69001006C2 /* AQI_Queryer_SwiftUI.app */;
			productType = "com.apple.product-type.application";
		};
/* End PBXNativeTarget section */

/* Begin PBXProject section */
		20EE280026481E69001006C2 /* Project object */ = {
			isa = PBXProject;
			attributes = {
				LastSwiftUpdateCheck = 1200;
				LastUpgradeCheck = 1200;
				TargetAttributes = {
					20EE280726481E69001006C2 = {
						CreatedOnToolsVersion = 12.0;
					};
				};
			};
			buildConfigurationList = 20EE280326481E69001006C2 /* Build configuration list for PBXProject "AQI_Queryer_SwiftUI" */;
			compatibilityVersion = "Xcode 9.3";
			developmentRegion = en;
			hasScannedForEncodings = 0;
			knownRegions = (
				en,
				Base,
			);
			mainGroup = 20EE27FF26481E69001006C2;
			productRefGroup = 20EE280926481E69001006C2 /* Products */;
			projectDirPath = "";
			projectRoot = "";
			targets = (
				20EE280726481E69001006C2 /* AQI_Queryer_SwiftUI */,
			);
		};
/* End PBXProject section */

/* Begin PBXResourcesBuildPhase section */
		20EE280626481E69001006C2 /* Resources */ = {
			isa = PBXResourcesBuildPhase;
			buildActionMask = 2147483647;
			files = (
				20EE2844264865DB001006C2 /* MyTabularRegressor.mlproj in Resources */,
				20EE281826481E69001006C2 /* LaunchScreen.storyboard in Resources */,
				20EE281526481E69001006C2 /* Preview Assets.xcassets in Resources */,
				20EE281226481E69001006C2 /* Assets.xcassets in Resources */,
			);
			runOnlyForDeploymentPostprocessing = 0;
		};
/* End PBXResourcesBuildPhase section */

/* Begin PBXSourcesBuildPhase section */
		20EE280426481E69001006C2 /* Sources */ = {
			isa = PBXSourcesBuildPhase;
			buildActionMask = 2147483647;
			files = (
				20EE280C26481E69001006C2 /* AppDelegate.swift in Sources */,
				20EE28412648639C001006C2 /* CurrentAQI.swift in Sources */,
				20EE283D264862C0001006C2 /* PredictAQI.swift in Sources */,
				20EE280E26481E69001006C2 /* SceneDelegate.swift in Sources */,
				20EE281026481E69001006C2 /* ContentView.swift in Sources */,
				20EE28272648283B001006C2 /* aqiData.swift in Sources */,
				20EE282B26482960001006C2 /* Header.swift in Sources */,
				20EE282226482079001006C2 /* Background.swift in Sources */,
			);
			runOnlyForDeploymentPostprocessing = 0;
		};
/* End PBXSourcesBuildPhase section */

/* Begin PBXVariantGroup section */
		20EE281626481E69001006C2 /* LaunchScreen.storyboard */ = {
			isa = PBXVariantGroup;
			children = (
				20EE281726481E69001006C2 /* Base */,
			);
			name = LaunchScreen.storyboard;
			sourceTree = "<group>";
		};
/* End PBXVariantGroup section */

/* Begin XCBuildConfiguration section */
		20EE281A26481E69001006C2 /* Debug */ = {
			isa = XCBuildConfiguration;
			buildSettings = {
				ALWAYS_SEARCH_USER_PATHS = NO;
				CLANG_ANALYZER_NONNULL = YES;
				CLANG_ANALYZER_NUMBER_OBJECT_CONVERSION = YES_AGGRESSIVE;
				CLANG_CXX_LANGUAGE_STANDARD = "gnu++14";
				CLANG_CXX_LIBRARY = "libc++";
				CLANG_ENABLE_MODULES = YES;
				CLANG_ENABLE_OBJC_ARC = YES;
				CLANG_ENABLE_OBJC_WEAK = YES;
				CLANG_WARN_BLOCK_CAPTURE_AUTORELEASING = YES;
				CLANG_WARN_BOOL_CONVERSION = YES;
				CLANG_WARN_COMMA = YES;
				CLANG_WARN_CONSTANT_CONVERSION = YES;
				CLANG_WARN_DEPRECATED_OBJC_IMPLEMENTATIONS = YES;
				CLANG_WARN_DIRECT_OBJC_ISA_USAGE = YES_ERROR;
				CLANG_WARN_DOCUMENTATION_COMMENTS = YES;
				CLANG_WARN_EMPTY_BODY = YES;
				CLANG_WARN_ENUM_CONVERSION = YES;
				CLANG_WARN_INFINITE_RECURSION = YES;
				CLANG_WARN_INT_CONVERSION = YES;
				CLANG_WARN_NON_LITERAL_NULL_CONVERSION = YES;
				CLANG_WARN_OBJC_IMPLICIT_RETAIN_SELF = YES;
				CLANG_WARN_OBJC_LITERAL_CONVERSION = YES;
				CLANG_WARN_OBJC_ROOT_CLASS = YES_ERROR;
				CLANG_WARN_QUOTED_INCLUDE_IN_FRAMEWORK_HEADER = YES;
				CLANG_WARN_RANGE_LOOP_ANALYSIS = YES;
				CLANG_WARN_STRICT_PROTOTYPES = YES;
				CLANG_WARN_SUSPICIOUS_MOVE = YES;
				CLANG_WARN_UNGUARDED_AVAILABILITY = YES_AGGRESSIVE;
				CLANG_WARN_UNREACHABLE_CODE = YES;
				CLANG_WARN__DUPLICATE_METHOD_MATCH = YES;
				COPY_PHASE_STRIP = NO;
				DEBUG_INFORMATION_FORMAT = dwarf;
				ENABLE_STRICT_OBJC_MSGSEND = YES;
				ENABLE_TESTABILITY = YES;
				GCC_C_LANGUAGE_STANDARD = gnu11;
				GCC_DYNAMIC_NO_PIC = NO;
				GCC_NO_COMMON_BLOCKS = YES;
				GCC_OPTIMIZATION_LEVEL = 0;
				GCC_PREPROCESSOR_DEFINITIONS = (
					"DEBUG=1",
					"$(inherited)",
				);
				GCC_WARN_64_TO_32_BIT_CONVERSION = YES;
				GCC_WARN_ABOUT_RETURN_TYPE = YES_ERROR;
				GCC_WARN_UNDECLARED_SELECTOR = YES;
				GCC_WARN_UNINITIALIZED_AUTOS = YES_AGGRESSIVE;
				GCC_WARN_UNUSED_FUNCTION = YES;
				GCC_WARN_UNUSED_VARIABLE = YES;
				IPHONEOS_DEPLOYMENT_TARGET = 14.0;
				MTL_ENABLE_DEBUG_INFO = INCLUDE_SOURCE;
				MTL_FAST_MATH = YES;
				ONLY_ACTIVE_ARCH = YES;
				SDKROOT = iphoneos;
				SWIFT_ACTIVE_COMPILATION_CONDITIONS = DEBUG;
				SWIFT_OPTIMIZATION_LEVEL = "-Onone";
			};
			name = Debug;
		};
		20EE281B26481E69001006C2 /* Release */ = {
			isa = XCBuildConfiguration;
			buildSettings = {
				ALWAYS_SEARCH_USER_PATHS = NO;
				CLANG_ANALYZER_NONNULL = YES;
				CLANG_ANALYZER_NUMBER_OBJECT_CONVERSION = YES_AGGRESSIVE;
				CLANG_CXX_LANGUAGE_STANDARD = "gnu++14";
				CLANG_CXX_LIBRARY = "libc++";
				CLANG_ENABLE_MODULES = YES;
				CLANG_ENABLE_OBJC_ARC = YES;
				CLANG_ENABLE_OBJC_WEAK = YES;
				CLANG_WARN_BLOCK_CAPTURE_AUTORELEASING = YES;
				CLANG_WARN_BOOL_CONVERSION = YES;
				CLANG_WARN_COMMA = YES;
				CLANG_WARN_CONSTANT_CONVERSION = YES;
				CLANG_WARN_DEPRECATED_OBJC_IMPLEMENTATIONS = YES;
				CLANG_WARN_DIRECT_OBJC_ISA_USAGE = YES_ERROR;
				CLANG_WARN_DOCUMENTATION_COMMENTS = YES;
				CLANG_WARN_EMPTY_BODY = YES;
				CLANG_WARN_ENUM_CONVERSION = YES;
				CLANG_WARN_INFINITE_RECURSION = YES;
				CLANG_WARN_INT_CONVERSION = YES;
				CLANG_WARN_NON_LITERAL_NULL_CONVERSION = YES;
				CLANG_WARN_OBJC_IMPLICIT_RETAIN_SELF = YES;
				CLANG_WARN_OBJC_LITERAL_CONVERSION = YES;
				CLANG_WARN_OBJC_ROOT_CLASS = YES_ERROR;
				CLANG_WARN_QUOTED_INCLUDE_IN_FRAMEWORK_HEADER = YES;
				CLANG_WARN_RANGE_LOOP_ANALYSIS = YES;
				CLANG_WARN_STRICT_PROTOTYPES = YES;
				CLANG_WARN_SUSPICIOUS_MOVE = YES;
				CLANG_WARN_UNGUARDED_AVAILABILITY = YES_AGGRESSIVE;
				CLANG_WARN_UNREACHABLE_CODE = YES;
				CLANG_WARN__DUPLICATE_METHOD_MATCH = YES;
				COPY_PHASE_STRIP = NO;
				DEBUG_INFORMATION_FORMAT = "dwarf-with-dsym";
				ENABLE_NS_ASSERTIONS = NO;
				ENABLE_STRICT_OBJC_MSGSEND = YES;
				GCC_C_LANGUAGE_STANDARD = gnu11;
				GCC_NO_COMMON_BLOCKS = YES;
				GCC_WARN_64_TO_32_BIT_CONVERSION = YES;
				GCC_WARN_ABOUT_RETURN_TYPE = YES_ERROR;
				GCC_WARN_UNDECLARED_SELECTOR = YES;
				GCC_WARN_UNINITIALIZED_AUTOS = YES_AGGRESSIVE;
				GCC_WARN_UNUSED_FUNCTION = YES;
				GCC_WARN_UNUSED_VARIABLE = YES;
				IPHONEOS_DEPLOYMENT_TARGET = 14.0;
				MTL_ENABLE_DEBUG_INFO = NO;
				MTL_FAST_MATH = YES;
				SDKROOT = iphoneos;
				SWIFT_COMPILATION_MODE = wholemodule;
				SWIFT_OPTIMIZATION_LEVEL = "-O";
				VALIDATE_PRODUCT = YES;
			};
			name = Release;
		};
		20EE281D26481E69001006C2 /* Debug */ = {
			isa = XCBuildConfiguration;
			buildSettings = {
				ASSETCATALOG_COMPILER_APPICON_NAME = AppIcon;
				ASSETCATALOG_COMPILER_GLOBAL_ACCENT_COLOR_NAME = AccentColor;
				CODE_SIGN_STYLE = Automatic;
				DEVELOPMENT_ASSET_PATHS = "\"AQI_Queryer_SwiftUI/Preview Content\"";
				ENABLE_PREVIEWS = YES;
				INFOPLIST_FILE = AQI_Queryer_SwiftUI/Info.plist;
				LD_RUNPATH_SEARCH_PATHS = (
					"$(inherited)",
					"@executable_path/Frameworks",
				);
				PRODUCT_BUNDLE_IDENTIFIER = "luo.AQI-Queryer-SwiftUI";
				PRODUCT_NAME = "$(TARGET_NAME)";
				SWIFT_VERSION = 5.0;
				TARGETED_DEVICE_FAMILY = "1,2";
			};
			name = Debug;
		};
		20EE281E26481E69001006C2 /* Release */ = {
			isa = XCBuildConfiguration;
			buildSettings = {
				ASSETCATALOG_COMPILER_APPICON_NAME = AppIcon;
				ASSETCATALOG_COMPILER_GLOBAL_ACCENT_COLOR_NAME = AccentColor;
				CODE_SIGN_STYLE = Automatic;
				DEVELOPMENT_ASSET_PATHS = "\"AQI_Queryer_SwiftUI/Preview Content\"";
				ENABLE_PREVIEWS = YES;
				INFOPLIST_FILE = AQI_Queryer_SwiftUI/Info.plist;
				LD_RUNPATH_SEARCH_PATHS = (
					"$(inherited)",
					"@executable_path/Frameworks",
				);
				PRODUCT_BUNDLE_IDENTIFIER = "luo.AQI-Queryer-SwiftUI";
				PRODUCT_NAME = "$(TARGET_NAME)";
				SWIFT_VERSION = 5.0;
				TARGETED_DEVICE_FAMILY = "1,2";
			};
			name = Release;
		};
/* End XCBuildConfiguration section */

/* Begin XCConfigurationList section */
		20EE280326481E69001006C2 /* Build configuration list for PBXProject "AQI_Queryer_SwiftUI" */ = {
			isa = XCConfigurationList;
			buildConfigurations = (
				20EE281A26481E69001006C2 /* Debug */,
				20EE281B26481E69001006C2 /* Release */,
			);
			defaultConfigurationIsVisible = 0;
			defaultConfigurationName = Release;
		};
		20EE281C26481E69001006C2 /* Build configuration list for PBXNativeTarget "AQI_Queryer_SwiftUI" */ = {
			isa = XCConfigurationList;
			buildConfigurations = (
				20EE281D26481E69001006C2 /* Debug */,
				20EE281E26481E69001006C2 /* Release */,
			);
			defaultConfigurationIsVisible = 0;
			defaultConfigurationName = Release;
		};
/* End XCConfigurationList section */
	};
	rootObject = 20EE280026481E69001006C2 /* Project object */;
}
